
Microsoft Visual Studio Solution File, Format Version 12.00
# Visual Studio Version 17
VisualStudioVersion = 17.5.33502.453
MinimumVisualStudioVersion = 10.0.40219.1
Project("{FAE04EC0-301F-11D3-BF4B-00C04F79EFBC}") = "ResumeProject", "ResumeProject\ResumeProject.csproj", "{6EFF5B6D-5C1B-46A9-80DD-0D69136F75F4}"
EndProject
Global
	GlobalSection(SolutionConfigurationPlatforms) = preSolution
		Debug|Any CPU = Debug|Any CPU
		Release|Any CPU = Release|Any CPU
	EndGlobalSection
	GlobalSection(ProjectConfigurationPlatforms) = postSolution
		{6EFF5B6D-5C1B-46A9-80DD-0D69136F75F4}.Debug|Any CPU.ActiveCfg = Debug|Any CPU
		{6EFF5B6D-5C1B-46A9-80DD-0D69136F75F4}.Debug|Any CPU.Build.0 = Debug|Any CPU
		{6EFF5B6D-5C1B-46A9-80DD-0D69136F75F4}.Release|Any CPU.ActiveCfg = Release|Any CPU
		{6EFF5B6D-5C1B-46A9-80DD-0D69136F75F4}.Release|Any CPU.Build.0 = Release|Any CPU
	EndGlobalSection
	GlobalSection(SolutionProperties) = preSolution
		HideSolutionNode = FALSE
	EndGlobalSection
	GlobalSection(ExtensibilityGlobals) = postSolution
		SolutionGuid = {787ACBE5-D816-4136-9B15-4AE04D151C9E}
	EndGlobalSection
EndGlobal
